
Microsoft Visual Studio Solution File, Format Version 12.00
# Visual Studio Version 16
VisualStudioVersion = 16.0.28803.156
MinimumVisualStudioVersion = 10.0.40219.1
Project("{FAE04EC0-301F-11D3-BF4B-00C04F79EFBC}") = "FruitShop", "FruitShop\FruitShop.csproj", "{ACD37B30-DD21-43A2-8BA9-7707C1B0E795}"
EndProject
Project("{FAE04EC0-301F-11D3-BF4B-00C04F79EFBC}") = "Fruit.Shop.Test.Unit", "ConsoleApp1\Fruit.Shop.Test.Unit.csproj", "{8511FE1F-C3FD-49CD-BB85-08B9B28A7FC9}"
EndProject
Global
	GlobalSection(SolutionConfigurationPlatforms) = preSolution
		Debug|Any CPU = Debug|Any CPU
		Release|Any CPU = Release|Any CPU
	EndGlobalSection
	GlobalSection(ProjectConfigurationPlatforms) = postSolution
		{ACD37B30-DD21-43A2-8BA9-7707C1B0E795}.Debug|Any CPU.ActiveCfg = Debug|Any CPU
		{ACD37B30-DD21-43A2-8BA9-7707C1B0E795}.Debug|Any CPU.Build.0 = Debug|Any CPU
		{ACD37B30-DD21-43A2-8BA9-7707C1B0E795}.Release|Any CPU.ActiveCfg = Release|Any CPU
		{ACD37B30-DD21-43A2-8BA9-7707C1B0E795}.Release|Any CPU.Build.0 = Release|Any CPU
		{8511FE1F-C3FD-49CD-BB85-08B9B28A7FC9}.Debug|Any CPU.ActiveCfg = Debug|Any CPU
		{8511FE1F-C3FD-49CD-BB85-08B9B28A7FC9}.Debug|Any CPU.Build.0 = Debug|Any CPU
		{8511FE1F-C3FD-49CD-BB85-08B9B28A7FC9}.Release|Any CPU.ActiveCfg = Release|Any CPU
		{8511FE1F-C3FD-49CD-BB85-08B9B28A7FC9}.Release|Any CPU.Build.0 = Release|Any CPU
	EndGlobalSection
	GlobalSection(SolutionProperties) = preSolution
		HideSolutionNode = FALSE
	EndGlobalSection
	GlobalSection(ExtensibilityGlobals) = postSolution
		SolutionGuid = {AB31ABF0-B8B7-4FFB-9A7F-7EE05D07B5F2}
	EndGlobalSection
EndGlobal
